
Microsoft Visual Studio Solution File, Format Version 12.00
# Visual Studio Version 16
VisualStudioVersion = 16.0.31005.135
MinimumVisualStudioVersion = 10.0.40219.1
Project("{FAE04EC0-301F-11D3-BF4B-00C04F79EFBC}") = "Go2Web", "Laborator2\Go2Web.csproj", "{CE993238-7F5A-4174-87E5-C1A8DF7577DF}"
EndProject
Global
	GlobalSection(SolutionConfigurationPlatforms) = preSolution
		Debug|Any CPU = Debug|Any CPU
		Release|Any CPU = Release|Any CPU
	EndGlobalSection
	GlobalSection(ProjectConfigurationPlatforms) = postSolution
		{CE993238-7F5A-4174-87E5-C1A8DF7577DF}.Debug|Any CPU.ActiveCfg = Debug|Any CPU
		{CE993238-7F5A-4174-87E5-C1A8DF7577DF}.Debug|Any CPU.Build.0 = Debug|Any CPU
		{CE993238-7F5A-4174-87E5-C1A8DF7577DF}.Release|Any CPU.ActiveCfg = Release|Any CPU
		{CE993238-7F5A-4174-87E5-C1A8DF7577DF}.Release|Any CPU.Build.0 = Release|Any CPU
	EndGlobalSection
	GlobalSection(SolutionProperties) = preSolution
		HideSolutionNode = FALSE
	EndGlobalSection
	GlobalSection(ExtensibilityGlobals) = postSolution
		SolutionGuid = {AAFEAEEB-E9FC-46B8-B6AC-0A8CAADDF9ED}
	EndGlobalSection
EndGlobal
